
Microsoft Visual Studio Solution File, Format Version 12.00
# Visual Studio Version 16
VisualStudioVersion = 16.0.33214.272
MinimumVisualStudioVersion = 10.0.40219.1
Project("{9A19103F-16F7-4668-BE54-9A1E7A4F7556}") = "mission_four_emmae1", "mission_four_emmae1\mission_four_emmae1.csproj", "{7BC7A2F7-14BD-4734-8E04-F20E2F11B28E}"
EndProject
Global
	GlobalSection(SolutionConfigurationPlatforms) = preSolution
		Debug|Any CPU = Debug|Any CPU
		Release|Any CPU = Release|Any CPU
	EndGlobalSection
	GlobalSection(ProjectConfigurationPlatforms) = postSolution
		{7BC7A2F7-14BD-4734-8E04-F20E2F11B28E}.Debug|Any CPU.ActiveCfg = Debug|Any CPU
		{7BC7A2F7-14BD-4734-8E04-F20E2F11B28E}.Debug|Any CPU.Build.0 = Debug|Any CPU
		{7BC7A2F7-14BD-4734-8E04-F20E2F11B28E}.Release|Any CPU.ActiveCfg = Release|Any CPU
		{7BC7A2F7-14BD-4734-8E04-F20E2F11B28E}.Release|Any CPU.Build.0 = Release|Any CPU
	EndGlobalSection
	GlobalSection(SolutionProperties) = preSolution
		HideSolutionNode = FALSE
	EndGlobalSection
	GlobalSection(ExtensibilityGlobals) = postSolution
		SolutionGuid = {C33B6D85-410E-4A33-879A-45CCF442E71E}
	EndGlobalSection
EndGlobal
